{
    "hash": "2bc7d588aff4bf4854972498d578e844",
    "packages": [
        {
            "name": "react/promise",
            "version": "dev-master",
            "source": {
                "type": "git",
                "url": "https://github.com/reactphp/promise",
                "reference": "edeeab38525f2398c53dba49444b8b384821c677"
            },
            "dist": {
                "type": "zip",
                "url": "https://github.com/reactphp/promise/archive/edeeab38525f2398c53dba49444b8b384821c677.zip",
                "reference": "edeeab38525f2398c53dba49444b8b384821c677",
                "shasum": ""
            },
            "require": {
                "php": ">=5.3.3"
            },
            "time": "1356800591",
            "type": "library",
            "extra": {
                "branch-alias": {
                    "dev-master": "1.0-dev"
                }
            },
            "installation-source": "source",
            "autoload": {
                "psr-0": {
                    "React\\Promise": "src/"
                }
            },
            "license": [
                "MIT"
            ],
            "authors": [
                {
                    "name": "Jan Sorgalla",
                    "email": "jsorgalla@googlemail.com",
                    "homepage": "http://sorgalla.com",
                    "role": "maintainer"
                }
            ],
            "description": "A lightweight implementation of CommonJS Promises/A for PHP"
        }
    ],
    "packages-dev": null,
    "aliases": [

    ],
    "minimum-stability": "stable",
    "stability-flags": {
        "react/promise": 20
    }
}
